
Microsoft Visual Studio Solution File, Format Version 12.00
# Visual Studio Version 17
VisualStudioVersion = 17.14.36623.8 d17.14
MinimumVisualStudioVersion = 10.0.40219.1
Project("{FAE04EC0-301F-11D3-BF4B-00C04F79EFBC}") = "Internship-2-C-Sharp", "Internship-2-C-Sharp.csproj", "{34637CAF-FB8A-4AE4-8C51-5E32FDEE8679}"
EndProject
Global
	GlobalSection(SolutionConfigurationPlatforms) = preSolution
		Debug|Any CPU = Debug|Any CPU
		Release|Any CPU = Release|Any CPU
	EndGlobalSection
	GlobalSection(ProjectConfigurationPlatforms) = postSolution
		{34637CAF-FB8A-4AE4-8C51-5E32FDEE8679}.Debug|Any CPU.ActiveCfg = Debug|Any CPU
		{34637CAF-FB8A-4AE4-8C51-5E32FDEE8679}.Debug|Any CPU.Build.0 = Debug|Any CPU
		{34637CAF-FB8A-4AE4-8C51-5E32FDEE8679}.Release|Any CPU.ActiveCfg = Release|Any CPU
		{34637CAF-FB8A-4AE4-8C51-5E32FDEE8679}.Release|Any CPU.Build.0 = Release|Any CPU
	EndGlobalSection
	GlobalSection(SolutionProperties) = preSolution
		HideSolutionNode = FALSE
	EndGlobalSection
	GlobalSection(ExtensibilityGlobals) = postSolution
		SolutionGuid = {24DEF0BC-B58D-43EE-A349-43888B2768C7}
	EndGlobalSection
EndGlobal
